// !$*UTF8*$!
{
	archiveVersion = 1;
	classes = {
	};
	objectVersion = 56;
	objects = {

/* Begin PBXBuildFile section */
		2A9E8562B1243E0BDA778C7A /* libPods-TestTickerLocalDb.a in Frameworks */ = {isa = PBXBuildFile; fileRef = 407E423B2A5E0AD33F175726 /* libPods-TestTickerLocalDb.a */; };
		85566BCD2B0717D80079CE70 /* AppDelegate.swift in Sources */ = {isa = PBXBuildFile; fileRef = 85566BCC2B0717D80079CE70 /* AppDelegate.swift */; };
		85566BCF2B0717D80079CE70 /* SceneDelegate.swift in Sources */ = {isa = PBXBuildFile; fileRef = 85566BCE2B0717D80079CE70 /* SceneDelegate.swift */; };
		85566BD12B0717D80079CE70 /* ViewController.swift in Sources */ = {isa = PBXBuildFile; fileRef = 85566BD02B0717D80079CE70 /* ViewController.swift */; };
		85566BD42B0717D80079CE70 /* Main.storyboard in Resources */ = {isa = PBXBuildFile; fileRef = 85566BD22B0717D80079CE70 /* Main.storyboard */; };
		85566BD62B0717DA0079CE70 /* Assets.xcassets in Resources */ = {isa = PBXBuildFile; fileRef = 85566BD52B0717DA0079CE70 /* Assets.xcassets */; };
		85566BD92B0717DA0079CE70 /* LaunchScreen.storyboard in Resources */ = {isa = PBXBuildFile; fileRef = 85566BD72B0717DA0079CE70 /* LaunchScreen.storyboard */; };
		85837E422B0718F400111CAC /* Author.swift in Sources */ = {isa = PBXBuildFile; fileRef = 85837E412B0718F400111CAC /* Author.swift */; };
		85837E442B07190F00111CAC /* Book.swift in Sources */ = {isa = PBXBuildFile; fileRef = 85837E432B07190F00111CAC /* Book.swift */; };
		85837E462B07195D00111CAC /* LocalDbConfig.swift in Sources */ = {isa = PBXBuildFile; fileRef = 85837E452B07195D00111CAC /* LocalDbConfig.swift */; };
		85837E482B07198B00111CAC /* LocalDbManager.swift in Sources */ = {isa = PBXBuildFile; fileRef = 85837E472B07198B00111CAC /* LocalDbManager.swift */; };
		85837E4A2B0719DA00111CAC /* migrations_v001.swift in Sources */ = {isa = PBXBuildFile; fileRef = 85837E492B0719DA00111CAC /* migrations_v001.swift */; };
/* End PBXBuildFile section */

/* Begin PBXFileReference section */
		407E423B2A5E0AD33F175726 /* libPods-TestTickerLocalDb.a */ = {isa = PBXFileReference; explicitFileType = archive.ar; includeInIndex = 0; path = "libPods-TestTickerLocalDb.a"; sourceTree = BUILT_PRODUCTS_DIR; };
		85566BC92B0717D80079CE70 /* TestTickerLocalDb.app */ = {isa = PBXFileReference; explicitFileType = wrapper.application; includeInIndex = 0; path = TestTickerLocalDb.app; sourceTree = BUILT_PRODUCTS_DIR; };
		85566BCC2B0717D80079CE70 /* AppDelegate.swift */ = {isa = PBXFileReference; lastKnownFileType = sourcecode.swift; path = AppDelegate.swift; sourceTree = "<group>"; };
		85566BCE2B0717D80079CE70 /* SceneDelegate.swift */ = {isa = PBXFileReference; lastKnownFileType = sourcecode.swift; path = SceneDelegate.swift; sourceTree = "<group>"; };
		85566BD02B0717D80079CE70 /* ViewController.swift */ = {isa = PBXFileReference; lastKnownFileType = sourcecode.swift; path = ViewController.swift; sourceTree = "<group>"; };
		85566BD32B0717D80079CE70 /* Base */ = {isa = PBXFileReference; lastKnownFileType = file.storyboard; name = Base; path = Base.lproj/Main.storyboard; sourceTree = "<group>"; };
		85566BD52B0717DA0079CE70 /* Assets.xcassets */ = {isa = PBXFileReference; lastKnownFileType = folder.assetcatalog; path = Assets.xcassets; sourceTree = "<group>"; };
		85566BD82B0717DA0079CE70 /* Base */ = {isa = PBXFileReference; lastKnownFileType = file.storyboard; name = Base; path = Base.lproj/LaunchScreen.storyboard; sourceTree = "<group>"; };
		85566BDA2B0717DA0079CE70 /* Info.plist */ = {isa = PBXFileReference; lastKnownFileType = text.plist.xml; path = Info.plist; sourceTree = "<group>"; };
		85837E412B0718F400111CAC /* Author.swift */ = {isa = PBXFileReference; lastKnownFileType = sourcecode.swift; path = Author.swift; sourceTree = "<group>"; };
		85837E432B07190F00111CAC /* Book.swift */ = {isa = PBXFileReference; lastKnownFileType = sourcecode.swift; path = Book.swift; sourceTree = "<group>"; };
		85837E452B07195D00111CAC /* LocalDbConfig.swift */ = {isa = PBXFileReference; lastKnownFileType = sourcecode.swift; path = LocalDbConfig.swift; sourceTree = "<group>"; };
		85837E472B07198B00111CAC /* LocalDbManager.swift */ = {isa = PBXFileReference; lastKnownFileType = sourcecode.swift; path = LocalDbManager.swift; sourceTree = "<group>"; };
		85837E492B0719DA00111CAC /* migrations_v001.swift */ = {isa = PBXFileReference; lastKnownFileType = sourcecode.swift; path = migrations_v001.swift; sourceTree = "<group>"; };
		CF45A6C7D8EC24CD29609D2B /* Pods-TestTickerLocalDb.release.xcconfig */ = {isa = PBXFileReference; includeInIndex = 1; lastKnownFileType = text.xcconfig; name = "Pods-TestTickerLocalDb.release.xcconfig"; path = "Target Support Files/Pods-TestTickerLocalDb/Pods-TestTickerLocalDb.release.xcconfig"; sourceTree = "<group>"; };
		FA6FD228176A06D0D5FF84C6 /* Pods-TestTickerLocalDb.debug.xcconfig */ = {isa = PBXFileReference; includeInIndex = 1; lastKnownFileType = text.xcconfig; name = "Pods-TestTickerLocalDb.debug.xcconfig"; path = "Target Support Files/Pods-TestTickerLocalDb/Pods-TestTickerLocalDb.debug.xcconfig"; sourceTree = "<group>"; };
/* End PBXFileReference section */

/* Begin PBXFrameworksBuildPhase section */
		85566BC62B0717D80079CE70 /* Frameworks */ = {
			isa = PBXFrameworksBuildPhase;
			buildActionMask = 2147483647;
			files = (
				2A9E8562B1243E0BDA778C7A /* libPods-TestTickerLocalDb.a in Frameworks */,
			);
			runOnlyForDeploymentPostprocessing = 0;
		};
/* End PBXFrameworksBuildPhase section */

/* Begin PBXGroup section */
		85566BC02B0717D80079CE70 = {
			isa = PBXGroup;
			children = (
				85566BCB2B0717D80079CE70 /* TestTickerLocalDb */,
				85566BCA2B0717D80079CE70 /* Products */,
				DD5166C229F5FDA639247E1A /* Pods */,
				CB1970609415F91B1E1743D0 /* Frameworks */,
			);
			sourceTree = "<group>";
		};
		85566BCA2B0717D80079CE70 /* Products */ = {
			isa = PBXGroup;
			children = (
				85566BC92B0717D80079CE70 /* TestTickerLocalDb.app */,
			);
			name = Products;
			sourceTree = "<group>";
		};
		85566BCB2B0717D80079CE70 /* TestTickerLocalDb */ = {
			isa = PBXGroup;
			children = (
				85837E402B0718D600111CAC /* Entities */,
				85566BCC2B0717D80079CE70 /* AppDelegate.swift */,
				85566BCE2B0717D80079CE70 /* SceneDelegate.swift */,
				85566BD02B0717D80079CE70 /* ViewController.swift */,
				85566BD22B0717D80079CE70 /* Main.storyboard */,
				85566BD52B0717DA0079CE70 /* Assets.xcassets */,
				85566BD72B0717DA0079CE70 /* LaunchScreen.storyboard */,
				85566BDA2B0717DA0079CE70 /* Info.plist */,
				85837E452B07195D00111CAC /* LocalDbConfig.swift */,
				85837E472B07198B00111CAC /* LocalDbManager.swift */,
				85837E492B0719DA00111CAC /* migrations_v001.swift */,
			);
			path = TestTickerLocalDb;
			sourceTree = "<group>";
		};
		85837E402B0718D600111CAC /* Entities */ = {
			isa = PBXGroup;
			children = (
				85837E412B0718F400111CAC /* Author.swift */,
				85837E432B07190F00111CAC /* Book.swift */,
			);
			path = Entities;
			sourceTree = "<group>";
		};
		CB1970609415F91B1E1743D0 /* Frameworks */ = {
			isa = PBXGroup;
			children = (
				407E423B2A5E0AD33F175726 /* libPods-TestTickerLocalDb.a */,
			);
			name = Frameworks;
			sourceTree = "<group>";
		};
		DD5166C229F5FDA639247E1A /* Pods */ = {
			isa = PBXGroup;
			children = (
				FA6FD228176A06D0D5FF84C6 /* Pods-TestTickerLocalDb.debug.xcconfig */,
				CF45A6C7D8EC24CD29609D2B /* Pods-TestTickerLocalDb.release.xcconfig */,
			);
			path = Pods;
			sourceTree = "<group>";
		};
/* End PBXGroup section */

/* Begin PBXNativeTarget section */
		85566BC82B0717D80079CE70 /* TestTickerLocalDb */ = {
			isa = PBXNativeTarget;
			buildConfigurationList = 85566BDD2B0717DA0079CE70 /* Build configuration list for PBXNativeTarget "TestTickerLocalDb" */;
			buildPhases = (
				C7E768AA796F3DF361CF3F3C /* [CP] Check Pods Manifest.lock */,
				85566BC52B0717D80079CE70 /* Sources */,
				85566BC62B0717D80079CE70 /* Frameworks */,
				85566BC72B0717D80079CE70 /* Resources */,
			);
			buildRules = (
			);
			dependencies = (
			);
			name = TestTickerLocalDb;
			productName = TestTickerLocalDb;
			productReference = 85566BC92B0717D80079CE70 /* TestTickerLocalDb.app */;
			productType = "com.apple.product-type.application";
		};
/* End PBXNativeTarget section */

/* Begin PBXProject section */
		85566BC12B0717D80079CE70 /* Project object */ = {
			isa = PBXProject;
			attributes = {
				BuildIndependentTargetsInParallel = 1;
				LastSwiftUpdateCheck = 1430;
				LastUpgradeCheck = 1430;
				TargetAttributes = {
					85566BC82B0717D80079CE70 = {
						CreatedOnToolsVersion = 14.3.1;
					};
				};
			};
			buildConfigurationList = 85566BC42B0717D80079CE70 /* Build configuration list for PBXProject "TestTickerLocalDb" */;
			compatibilityVersion = "Xcode 14.0";
			developmentRegion = en;
			hasScannedForEncodings = 0;
			knownRegions = (
				en,
				Base,
			);
			mainGroup = 85566BC02B0717D80079CE70;
			productRefGroup = 85566BCA2B0717D80079CE70 /* Products */;
			projectDirPath = "";
			projectRoot = "";
			targets = (
				85566BC82B0717D80079CE70 /* TestTickerLocalDb */,
			);
		};
/* End PBXProject section */

/* Begin PBXResourcesBuildPhase section */
		85566BC72B0717D80079CE70 /* Resources */ = {
			isa = PBXResourcesBuildPhase;
			buildActionMask = 2147483647;
			files = (
				85566BD92B0717DA0079CE70 /* LaunchScreen.storyboard in Resources */,
				85566BD62B0717DA0079CE70 /* Assets.xcassets in Resources */,
				85566BD42B0717D80079CE70 /* Main.storyboard in Resources */,
			);
			runOnlyForDeploymentPostprocessing = 0;
		};
/* End PBXResourcesBuildPhase section */

/* Begin PBXShellScriptBuildPhase section */
		C7E768AA796F3DF361CF3F3C /* [CP] Check Pods Manifest.lock */ = {
			isa = PBXShellScriptBuildPhase;
			buildActionMask = 2147483647;
			files = (
			);
			inputFileListPaths = (
			);
			inputPaths = (
				"${PODS_PODFILE_DIR_PATH}/Podfile.lock",
				"${PODS_ROOT}/Manifest.lock",
			);
			name = "[CP] Check Pods Manifest.lock";
			outputFileListPaths = (
			);
			outputPaths = (
				"$(DERIVED_FILE_DIR)/Pods-TestTickerLocalDb-checkManifestLockResult.txt",
			);
			runOnlyForDeploymentPostprocessing = 0;
			shellPath = /bin/sh;
			shellScript = "diff \"${PODS_PODFILE_DIR_PATH}/Podfile.lock\" \"${PODS_ROOT}/Manifest.lock\" > /dev/null\nif [ $? != 0 ] ; then\n    # print error to STDERR\n    echo \"error: The sandbox is not in sync with the Podfile.lock. Run 'pod install' or update your CocoaPods installation.\" >&2\n    exit 1\nfi\n# This output is used by Xcode 'outputs' to avoid re-running this script phase.\necho \"SUCCESS\" > \"${SCRIPT_OUTPUT_FILE_0}\"\n";
			showEnvVarsInLog = 0;
		};
/* End PBXShellScriptBuildPhase section */

/* Begin PBXSourcesBuildPhase section */
		85566BC52B0717D80079CE70 /* Sources */ = {
			isa = PBXSourcesBuildPhase;
			buildActionMask = 2147483647;
			files = (
				85566BD12B0717D80079CE70 /* ViewController.swift in Sources */,
				85837E462B07195D00111CAC /* LocalDbConfig.swift in Sources */,
				85566BCD2B0717D80079CE70 /* AppDelegate.swift in Sources */,
				85837E4A2B0719DA00111CAC /* migrations_v001.swift in Sources */,
				85837E422B0718F400111CAC /* Author.swift in Sources */,
				85837E442B07190F00111CAC /* Book.swift in Sources */,
				85837E482B07198B00111CAC /* LocalDbManager.swift in Sources */,
				85566BCF2B0717D80079CE70 /* SceneDelegate.swift in Sources */,
			);
			runOnlyForDeploymentPostprocessing = 0;
		};
/* End PBXSourcesBuildPhase section */

/* Begin PBXVariantGroup section */
		85566BD22B0717D80079CE70 /* Main.storyboard */ = {
			isa = PBXVariantGroup;
			children = (
				85566BD32B0717D80079CE70 /* Base */,
			);
			name = Main.storyboard;
			sourceTree = "<group>";
		};
		85566BD72B0717DA0079CE70 /* LaunchScreen.storyboard */ = {
			isa = PBXVariantGroup;
			children = (
				85566BD82B0717DA0079CE70 /* Base */,
			);
			name = LaunchScreen.storyboard;
			sourceTree = "<group>";
		};
/* End PBXVariantGroup section */

/* Begin XCBuildConfiguration section */
		85566BDB2B0717DA0079CE70 /* Debug */ = {
			isa = XCBuildConfiguration;
			buildSettings = {
				ALWAYS_SEARCH_USER_PATHS = NO;
				CLANG_ANALYZER_NONNULL = YES;
				CLANG_ANALYZER_NUMBER_OBJECT_CONVERSION = YES_AGGRESSIVE;
				CLANG_CXX_LANGUAGE_STANDARD = "gnu++20";
				CLANG_ENABLE_MODULES = YES;
				CLANG_ENABLE_OBJC_ARC = YES;
				CLANG_ENABLE_OBJC_WEAK = YES;
				CLANG_WARN_BLOCK_CAPTURE_AUTORELEASING = YES;
				CLANG_WARN_BOOL_CONVERSION = YES;
				CLANG_WARN_COMMA = YES;
				CLANG_WARN_CONSTANT_CONVERSION = YES;
				CLANG_WARN_DEPRECATED_OBJC_IMPLEMENTATIONS = YES;
				CLANG_WARN_DIRECT_OBJC_ISA_USAGE = YES_ERROR;
				CLANG_WARN_DOCUMENTATION_COMMENTS = YES;
				CLANG_WARN_EMPTY_BODY = YES;
				CLANG_WARN_ENUM_CONVERSION = YES;
				CLANG_WARN_INFINITE_RECURSION = YES;
				CLANG_WARN_INT_CONVERSION = YES;
				CLANG_WARN_NON_LITERAL_NULL_CONVERSION = YES;
				CLANG_WARN_OBJC_IMPLICIT_RETAIN_SELF = YES;
				CLANG_WARN_OBJC_LITERAL_CONVERSION = YES;
				CLANG_WARN_OBJC_ROOT_CLASS = YES_ERROR;
				CLANG_WARN_QUOTED_INCLUDE_IN_FRAMEWORK_HEADER = YES;
				CLANG_WARN_RANGE_LOOP_ANALYSIS = YES;
				CLANG_WARN_STRICT_PROTOTYPES = YES;
				CLANG_WARN_SUSPICIOUS_MOVE = YES;
				CLANG_WARN_UNGUARDED_AVAILABILITY = YES_AGGRESSIVE;
				CLANG_WARN_UNREACHABLE_CODE = YES;
				CLANG_WARN__DUPLICATE_METHOD_MATCH = YES;
				COPY_PHASE_STRIP = NO;
				DEBUG_INFORMATION_FORMAT = dwarf;
				ENABLE_STRICT_OBJC_MSGSEND = YES;
				ENABLE_TESTABILITY = YES;
				GCC_C_LANGUAGE_STANDARD = gnu11;
				GCC_DYNAMIC_NO_PIC = NO;
				GCC_NO_COMMON_BLOCKS = YES;
				GCC_OPTIMIZATION_LEVEL = 0;
				GCC_PREPROCESSOR_DEFINITIONS = (
					"DEBUG=1",
					"$(inherited)",
				);
				GCC_WARN_64_TO_32_BIT_CONVERSION = YES;
				GCC_WARN_ABOUT_RETURN_TYPE = YES_ERROR;
				GCC_WARN_UNDECLARED_SELECTOR = YES;
				GCC_WARN_UNINITIALIZED_AUTOS = YES_AGGRESSIVE;
				GCC_WARN_UNUSED_FUNCTION = YES;
				GCC_WARN_UNUSED_VARIABLE = YES;
				IPHONEOS_DEPLOYMENT_TARGET = 16.4;
				MTL_ENABLE_DEBUG_INFO = INCLUDE_SOURCE;
				MTL_FAST_MATH = YES;
				ONLY_ACTIVE_ARCH = YES;
				SDKROOT = iphoneos;
				SWIFT_ACTIVE_COMPILATION_CONDITIONS = DEBUG;
				SWIFT_OPTIMIZATION_LEVEL = "-Onone";
			};
			name = Debug;
		};
		85566BDC2B0717DA0079CE70 /* Release */ = {
			isa = XCBuildConfiguration;
			buildSettings = {
				ALWAYS_SEARCH_USER_PATHS = NO;
				CLANG_ANALYZER_NONNULL = YES;
				CLANG_ANALYZER_NUMBER_OBJECT_CONVERSION = YES_AGGRESSIVE;
				CLANG_CXX_LANGUAGE_STANDARD = "gnu++20";
				CLANG_ENABLE_MODULES = YES;
				CLANG_ENABLE_OBJC_ARC = YES;
				CLANG_ENABLE_OBJC_WEAK = YES;
				CLANG_WARN_BLOCK_CAPTURE_AUTORELEASING = YES;
				CLANG_WARN_BOOL_CONVERSION = YES;
				CLANG_WARN_COMMA = YES;
				CLANG_WARN_CONSTANT_CONVERSION = YES;
				CLANG_WARN_DEPRECATED_OBJC_IMPLEMENTATIONS = YES;
				CLANG_WARN_DIRECT_OBJC_ISA_USAGE = YES_ERROR;
				CLANG_WARN_DOCUMENTATION_COMMENTS = YES;
				CLANG_WARN_EMPTY_BODY = YES;
				CLANG_WARN_ENUM_CONVERSION = YES;
				CLANG_WARN_INFINITE_RECURSION = YES;
				CLANG_WARN_INT_CONVERSION = YES;
				CLANG_WARN_NON_LITERAL_NULL_CONVERSION = YES;
				CLANG_WARN_OBJC_IMPLICIT_RETAIN_SELF = YES;
				CLANG_WARN_OBJC_LITERAL_CONVERSION = YES;
				CLANG_WARN_OBJC_ROOT_CLASS = YES_ERROR;
				CLANG_WARN_QUOTED_INCLUDE_IN_FRAMEWORK_HEADER = YES;
				CLANG_WARN_RANGE_LOOP_ANALYSIS = YES;
				CLANG_WARN_STRICT_PROTOTYPES = YES;
				CLANG_WARN_SUSPICIOUS_MOVE = YES;
				CLANG_WARN_UNGUARDED_AVAILABILITY = YES_AGGRESSIVE;
				CLANG_WARN_UNREACHABLE_CODE = YES;
				CLANG_WARN__DUPLICATE_METHOD_MATCH = YES;
				COPY_PHASE_STRIP = NO;
				DEBUG_INFORMATION_FORMAT = "dwarf-with-dsym";
				ENABLE_NS_ASSERTIONS = NO;
				ENABLE_STRICT_OBJC_MSGSEND = YES;
				GCC_C_LANGUAGE_STANDARD = gnu11;
				GCC_NO_COMMON_BLOCKS = YES;
				GCC_WARN_64_TO_32_BIT_CONVERSION = YES;
				GCC_WARN_ABOUT_RETURN_TYPE = YES_ERROR;
				GCC_WARN_UNDECLARED_SELECTOR = YES;
				GCC_WARN_UNINITIALIZED_AUTOS = YES_AGGRESSIVE;
				GCC_WARN_UNUSED_FUNCTION = YES;
				GCC_WARN_UNUSED_VARIABLE = YES;
				IPHONEOS_DEPLOYMENT_TARGET = 16.4;
				MTL_ENABLE_DEBUG_INFO = NO;
				MTL_FAST_MATH = YES;
				SDKROOT = iphoneos;
				SWIFT_COMPILATION_MODE = wholemodule;
				SWIFT_OPTIMIZATION_LEVEL = "-O";
				VALIDATE_PRODUCT = YES;
			};
			name = Release;
		};
		85566BDE2B0717DA0079CE70 /* Debug */ = {
			isa = XCBuildConfiguration;
			baseConfigurationReference = FA6FD228176A06D0D5FF84C6 /* Pods-TestTickerLocalDb.debug.xcconfig */;
			buildSettings = {
				ASSETCATALOG_COMPILER_APPICON_NAME = AppIcon;
				ASSETCATALOG_COMPILER_GLOBAL_ACCENT_COLOR_NAME = AccentColor;
				CODE_SIGN_STYLE = Automatic;
				CURRENT_PROJECT_VERSION = 1;
				DEVELOPMENT_TEAM = 8NMAW65S55;
				GENERATE_INFOPLIST_FILE = YES;
				INFOPLIST_FILE = TestTickerLocalDb/Info.plist;
				INFOPLIST_KEY_UIApplicationSupportsIndirectInputEvents = YES;
				INFOPLIST_KEY_UILaunchStoryboardName = LaunchScreen;
				INFOPLIST_KEY_UIMainStoryboardFile = Main;
				INFOPLIST_KEY_UISupportedInterfaceOrientations_iPad = "UIInterfaceOrientationPortrait UIInterfaceOrientationPortraitUpsideDown UIInterfaceOrientationLandscapeLeft UIInterfaceOrientationLandscapeRight";
				INFOPLIST_KEY_UISupportedInterfaceOrientations_iPhone = "UIInterfaceOrientationPortrait UIInterfaceOrientationLandscapeLeft UIInterfaceOrientationLandscapeRight";
				LD_RUNPATH_SEARCH_PATHS = (
					"$(inherited)",
					"@executable_path/Frameworks",
				);
				MARKETING_VERSION = 1.0;
				PRODUCT_BUNDLE_IDENTIFIER = com.xdien.TestTickerLocalDb;
				PRODUCT_NAME = "$(TARGET_NAME)";
				SWIFT_EMIT_LOC_STRINGS = YES;
				SWIFT_VERSION = 5.0;
				TARGETED_DEVICE_FAMILY = "1,2";
			};
			name = Debug;
		};
		85566BDF2B0717DA0079CE70 /* Release */ = {
			isa = XCBuildConfiguration;
			baseConfigurationReference = CF45A6C7D8EC24CD29609D2B /* Pods-TestTickerLocalDb.release.xcconfig */;
			buildSettings = {
				ASSETCATALOG_COMPILER_APPICON_NAME = AppIcon;
				ASSETCATALOG_COMPILER_GLOBAL_ACCENT_COLOR_NAME = AccentColor;
				CODE_SIGN_STYLE = Automatic;
				CURRENT_PROJECT_VERSION = 1;
				DEVELOPMENT_TEAM = 8NMAW65S55;
				GENERATE_INFOPLIST_FILE = YES;
				INFOPLIST_FILE = TestTickerLocalDb/Info.plist;
				INFOPLIST_KEY_UIApplicationSupportsIndirectInputEvents = YES;
				INFOPLIST_KEY_UILaunchStoryboardName = LaunchScreen;
				INFOPLIST_KEY_UIMainStoryboardFile = Main;
				INFOPLIST_KEY_UISupportedInterfaceOrientations_iPad = "UIInterfaceOrientationPortrait UIInterfaceOrientationPortraitUpsideDown UIInterfaceOrientationLandscapeLeft UIInterfaceOrientationLandscapeRight";
				INFOPLIST_KEY_UISupportedInterfaceOrientations_iPhone = "UIInterfaceOrientationPortrait UIInterfaceOrientationLandscapeLeft UIInterfaceOrientationLandscapeRight";
				LD_RUNPATH_SEARCH_PATHS = (
					"$(inherited)",
					"@executable_path/Frameworks",
				);
				MARKETING_VERSION = 1.0;
				PRODUCT_BUNDLE_IDENTIFIER = com.xdien.TestTickerLocalDb;
				PRODUCT_NAME = "$(TARGET_NAME)";
				SWIFT_EMIT_LOC_STRINGS = YES;
				SWIFT_VERSION = 5.0;
				TARGETED_DEVICE_FAMILY = "1,2";
			};
			name = Release;
		};
/* End XCBuildConfiguration section */

/* Begin XCConfigurationList section */
		85566BC42B0717D80079CE70 /* Build configuration list for PBXProject "TestTickerLocalDb" */ = {
			isa = XCConfigurationList;
			buildConfigurations = (
				85566BDB2B0717DA0079CE70 /* Debug */,
				85566BDC2B0717DA0079CE70 /* Release */,
			);
			defaultConfigurationIsVisible = 0;
			defaultConfigurationName = Release;
		};
		85566BDD2B0717DA0079CE70 /* Build configuration list for PBXNativeTarget "TestTickerLocalDb" */ = {
			isa = XCConfigurationList;
			buildConfigurations = (
				85566BDE2B0717DA0079CE70 /* Debug */,
				85566BDF2B0717DA0079CE70 /* Release */,
			);
			defaultConfigurationIsVisible = 0;
			defaultConfigurationName = Release;
		};
/* End XCConfigurationList section */
	};
	rootObject = 85566BC12B0717D80079CE70 /* Project object */;
}
